
Microsoft Visual Studio Solution File, Format Version 12.00
# Visual Studio Version 17
VisualStudioVersion = 17.5.002.0
MinimumVisualStudioVersion = 10.0.40219.1
Project("{9A19103F-16F7-4668-BE54-9A1E7A4F7556}") = "NewTalents", "NewTalents.csproj", "{2E5DA805-C8D5-4187-9953-DAFBD4E5350E}"
EndProject
Global
	GlobalSection(SolutionConfigurationPlatforms) = preSolution
		Debug|Any CPU = Debug|Any CPU
		Release|Any CPU = Release|Any CPU
	EndGlobalSection
	GlobalSection(ProjectConfigurationPlatforms) = postSolution
		{2E5DA805-C8D5-4187-9953-DAFBD4E5350E}.Debug|Any CPU.ActiveCfg = Debug|Any CPU
		{2E5DA805-C8D5-4187-9953-DAFBD4E5350E}.Debug|Any CPU.Build.0 = Debug|Any CPU
		{2E5DA805-C8D5-4187-9953-DAFBD4E5350E}.Release|Any CPU.ActiveCfg = Release|Any CPU
		{2E5DA805-C8D5-4187-9953-DAFBD4E5350E}.Release|Any CPU.Build.0 = Release|Any CPU
	EndGlobalSection
	GlobalSection(SolutionProperties) = preSolution
		HideSolutionNode = FALSE
	EndGlobalSection
	GlobalSection(ExtensibilityGlobals) = postSolution
		SolutionGuid = {00921A3D-E49F-4335-9112-52929349527D}
	EndGlobalSection
EndGlobal
